
Microsoft Visual Studio Solution File, Format Version 12.00
# Visual Studio Version 17
VisualStudioVersion = 17.11.35303.130
MinimumVisualStudioVersion = 10.0.40219.1
Project("{FAE04EC0-301F-11D3-BF4B-00C04F79EFBC}") = "stadium", "stadium\stadium.csproj", "{12EABC6E-9C67-44EE-B0E0-CE23DE059B99}"
EndProject
Global
	GlobalSection(SolutionConfigurationPlatforms) = preSolution
		Debug|Any CPU = Debug|Any CPU
		Release|Any CPU = Release|Any CPU
	EndGlobalSection
	GlobalSection(ProjectConfigurationPlatforms) = postSolution
		{12EABC6E-9C67-44EE-B0E0-CE23DE059B99}.Debug|Any CPU.ActiveCfg = Debug|Any CPU
		{12EABC6E-9C67-44EE-B0E0-CE23DE059B99}.Debug|Any CPU.Build.0 = Debug|Any CPU
		{12EABC6E-9C67-44EE-B0E0-CE23DE059B99}.Release|Any CPU.ActiveCfg = Release|Any CPU
		{12EABC6E-9C67-44EE-B0E0-CE23DE059B99}.Release|Any CPU.Build.0 = Release|Any CPU
	EndGlobalSection
	GlobalSection(SolutionProperties) = preSolution
		HideSolutionNode = FALSE
	EndGlobalSection
	GlobalSection(ExtensibilityGlobals) = postSolution
		SolutionGuid = {A1659EE6-C039-474D-92DF-336043435D90}
	EndGlobalSection
EndGlobal
